// !$*UTF8*$!
{
	archiveVersion = 1;
	classes = {
	};
	objectVersion = 46;
	objects = {

/* Begin PBXBuildFile section */
		43E8B5121D09C113008E1968 /* AppDelegate.swift in Sources */ = {isa = PBXBuildFile; fileRef = 43E8B5111D09C113008E1968 /* AppDelegate.swift */; };
		43E8B5141D09C113008E1968 /* ViewController.swift in Sources */ = {isa = PBXBuildFile; fileRef = 43E8B5131D09C113008E1968 /* ViewController.swift */; };
		43E8B5171D09C113008E1968 /* Main.storyboard in Resources */ = {isa = PBXBuildFile; fileRef = 43E8B5151D09C113008E1968 /* Main.storyboard */; };
		43E8B51A1D09C113008E1968 /* Stretchy_Snacks.xcdatamodeld in Sources */ = {isa = PBXBuildFile; fileRef = 43E8B5181D09C113008E1968 /* Stretchy_Snacks.xcdatamodeld */; };
		43E8B51C1D09C113008E1968 /* Assets.xcassets in Resources */ = {isa = PBXBuildFile; fileRef = 43E8B51B1D09C113008E1968 /* Assets.xcassets */; };
		43E8B51F1D09C113008E1968 /* LaunchScreen.storyboard in Resources */ = {isa = PBXBuildFile; fileRef = 43E8B51D1D09C113008E1968 /* LaunchScreen.storyboard */; };
		43E8B5271D09D0EF008E1968 /* oreos.png in Resources */ = {isa = PBXBuildFile; fileRef = 43E8B5261D09D0EF008E1968 /* oreos.png */; };
		43E8B52C1D09D11B008E1968 /* pizza_pockets.png in Resources */ = {isa = PBXBuildFile; fileRef = 43E8B5281D09D11B008E1968 /* pizza_pockets.png */; };
		43E8B52D1D09D11B008E1968 /* pop_tarts.png in Resources */ = {isa = PBXBuildFile; fileRef = 43E8B5291D09D11B008E1968 /* pop_tarts.png */; };
		43E8B52E1D09D11B008E1968 /* popsicle.png in Resources */ = {isa = PBXBuildFile; fileRef = 43E8B52A1D09D11B008E1968 /* popsicle.png */; };
		43E8B52F1D09D11B008E1968 /* ramen.png in Resources */ = {isa = PBXBuildFile; fileRef = 43E8B52B1D09D11B008E1968 /* ramen.png */; };
/* End PBXBuildFile section */

/* Begin PBXFileReference section */
		43E8B50E1D09C113008E1968 /* Stretchy Snacks.app */ = {isa = PBXFileReference; explicitFileType = wrapper.application; includeInIndex = 0; path = "Stretchy Snacks.app"; sourceTree = BUILT_PRODUCTS_DIR; };
		43E8B5111D09C113008E1968 /* AppDelegate.swift */ = {isa = PBXFileReference; lastKnownFileType = sourcecode.swift; path = AppDelegate.swift; sourceTree = "<group>"; };
		43E8B5131D09C113008E1968 /* ViewController.swift */ = {isa = PBXFileReference; lastKnownFileType = sourcecode.swift; path = ViewController.swift; sourceTree = "<group>"; };
		43E8B5161D09C113008E1968 /* Base */ = {isa = PBXFileReference; lastKnownFileType = file.storyboard; name = Base; path = Base.lproj/Main.storyboard; sourceTree = "<group>"; };
		43E8B5191D09C113008E1968 /* Stretchy_Snacks.xcdatamodel */ = {isa = PBXFileReference; lastKnownFileType = wrapper.xcdatamodel; path = Stretchy_Snacks.xcdatamodel; sourceTree = "<group>"; };
		43E8B51B1D09C113008E1968 /* Assets.xcassets */ = {isa = PBXFileReference; lastKnownFileType = folder.assetcatalog; path = Assets.xcassets; sourceTree = "<group>"; };
		43E8B51E1D09C113008E1968 /* Base */ = {isa = PBXFileReference; lastKnownFileType = file.storyboard; name = Base; path = Base.lproj/LaunchScreen.storyboard; sourceTree = "<group>"; };
		43E8B5201D09C113008E1968 /* Info.plist */ = {isa = PBXFileReference; lastKnownFileType = text.plist.xml; path = Info.plist; sourceTree = "<group>"; };
		43E8B5261D09D0EF008E1968 /* oreos.png */ = {isa = PBXFileReference; lastKnownFileType = image.png; path = oreos.png; sourceTree = "<group>"; };
		43E8B5281D09D11B008E1968 /* pizza_pockets.png */ = {isa = PBXFileReference; lastKnownFileType = image.png; path = pizza_pockets.png; sourceTree = "<group>"; };
		43E8B5291D09D11B008E1968 /* pop_tarts.png */ = {isa = PBXFileReference; lastKnownFileType = image.png; path = pop_tarts.png; sourceTree = "<group>"; };
		43E8B52A1D09D11B008E1968 /* popsicle.png */ = {isa = PBXFileReference; lastKnownFileType = image.png; path = popsicle.png; sourceTree = "<group>"; };
		43E8B52B1D09D11B008E1968 /* ramen.png */ = {isa = PBXFileReference; lastKnownFileType = image.png; path = ramen.png; sourceTree = "<group>"; };
/* End PBXFileReference section */

/* Begin PBXFrameworksBuildPhase section */
		43E8B50B1D09C113008E1968 /* Frameworks */ = {
			isa = PBXFrameworksBuildPhase;
			buildActionMask = 2147483647;
			files = (
			);
			runOnlyForDeploymentPostprocessing = 0;
		};
/* End PBXFrameworksBuildPhase section */

/* Begin PBXGroup section */
		43E8B5051D09C113008E1968 = {
			isa = PBXGroup;
			children = (
				43E8B5101D09C113008E1968 /* Stretchy Snacks */,
				43E8B50F1D09C113008E1968 /* Products */,
			);
			sourceTree = "<group>";
		};
		43E8B50F1D09C113008E1968 /* Products */ = {
			isa = PBXGroup;
			children = (
				43E8B50E1D09C113008E1968 /* Stretchy Snacks.app */,
			);
			name = Products;
			sourceTree = "<group>";
		};
		43E8B5101D09C113008E1968 /* Stretchy Snacks */ = {
			isa = PBXGroup;
			children = (
				43E8B5111D09C113008E1968 /* AppDelegate.swift */,
				43E8B5131D09C113008E1968 /* ViewController.swift */,
				43E8B5151D09C113008E1968 /* Main.storyboard */,
				43E8B51B1D09C113008E1968 /* Assets.xcassets */,
				43E8B5301D09D120008E1968 /* Images */,
				43E8B51D1D09C113008E1968 /* LaunchScreen.storyboard */,
				43E8B5201D09C113008E1968 /* Info.plist */,
				43E8B5181D09C113008E1968 /* Stretchy_Snacks.xcdatamodeld */,
			);
			path = "Stretchy Snacks";
			sourceTree = "<group>";
		};
		43E8B5301D09D120008E1968 /* Images */ = {
			isa = PBXGroup;
			children = (
				43E8B5281D09D11B008E1968 /* pizza_pockets.png */,
				43E8B5291D09D11B008E1968 /* pop_tarts.png */,
				43E8B52A1D09D11B008E1968 /* popsicle.png */,
				43E8B52B1D09D11B008E1968 /* ramen.png */,
				43E8B5261D09D0EF008E1968 /* oreos.png */,
			);
			name = Images;
			sourceTree = "<group>";
		};
/* End PBXGroup section */

/* Begin PBXNativeTarget section */
		43E8B50D1D09C113008E1968 /* Stretchy Snacks */ = {
			isa = PBXNativeTarget;
			buildConfigurationList = 43E8B5231D09C113008E1968 /* Build configuration list for PBXNativeTarget "Stretchy Snacks" */;
			buildPhases = (
				43E8B50A1D09C113008E1968 /* Sources */,
				43E8B50B1D09C113008E1968 /* Frameworks */,
				43E8B50C1D09C113008E1968 /* Resources */,
			);
			buildRules = (
			);
			dependencies = (
			);
			name = "Stretchy Snacks";
			productName = "Stretchy Snacks";
			productReference = 43E8B50E1D09C113008E1968 /* Stretchy Snacks.app */;
			productType = "com.apple.product-type.application";
		};
/* End PBXNativeTarget section */

/* Begin PBXProject section */
		43E8B5061D09C113008E1968 /* Project object */ = {
			isa = PBXProject;
			attributes = {
				LastSwiftUpdateCheck = 0730;
				LastUpgradeCheck = 0730;
				ORGANIZATIONNAME = "Anthony Coelho";
				TargetAttributes = {
					43E8B50D1D09C113008E1968 = {
						CreatedOnToolsVersion = 7.3.1;
					};
				};
			};
			buildConfigurationList = 43E8B5091D09C113008E1968 /* Build configuration list for PBXProject "Stretchy Snacks" */;
			compatibilityVersion = "Xcode 3.2";
			developmentRegion = English;
			hasScannedForEncodings = 0;
			knownRegions = (
				en,
				Base,
			);
			mainGroup = 43E8B5051D09C113008E1968;
			productRefGroup = 43E8B50F1D09C113008E1968 /* Products */;
			projectDirPath = "";
			projectRoot = "";
			targets = (
				43E8B50D1D09C113008E1968 /* Stretchy Snacks */,
			);
		};
/* End PBXProject section */

/* Begin PBXResourcesBuildPhase section */
		43E8B50C1D09C113008E1968 /* Resources */ = {
			isa = PBXResourcesBuildPhase;
			buildActionMask = 2147483647;
			files = (
				43E8B5271D09D0EF008E1968 /* oreos.png in Resources */,
				43E8B51F1D09C113008E1968 /* LaunchScreen.storyboard in Resources */,
				43E8B52E1D09D11B008E1968 /* popsicle.png in Resources */,
				43E8B52D1D09D11B008E1968 /* pop_tarts.png in Resources */,
				43E8B52C1D09D11B008E1968 /* pizza_pockets.png in Resources */,
				43E8B51C1D09C113008E1968 /* Assets.xcassets in Resources */,
				43E8B5171D09C113008E1968 /* Main.storyboard in Resources */,
				43E8B52F1D09D11B008E1968 /* ramen.png in Resources */,
			);
			runOnlyForDeploymentPostprocessing = 0;
		};
/* End PBXResourcesBuildPhase section */

/* Begin PBXSourcesBuildPhase section */
		43E8B50A1D09C113008E1968 /* Sources */ = {
			isa = PBXSourcesBuildPhase;
			buildActionMask = 2147483647;
			files = (
				43E8B5141D09C113008E1968 /* ViewController.swift in Sources */,
				43E8B51A1D09C113008E1968 /* Stretchy_Snacks.xcdatamodeld in Sources */,
				43E8B5121D09C113008E1968 /* AppDelegate.swift in Sources */,
			);
			runOnlyForDeploymentPostprocessing = 0;
		};
/* End PBXSourcesBuildPhase section */

/* Begin PBXVariantGroup section */
		43E8B5151D09C113008E1968 /* Main.storyboard */ = {
			isa = PBXVariantGroup;
			children = (
				43E8B5161D09C113008E1968 /* Base */,
			);
			name = Main.storyboard;
			sourceTree = "<group>";
		};
		43E8B51D1D09C113008E1968 /* LaunchScreen.storyboard */ = {
			isa = PBXVariantGroup;
			children = (
				43E8B51E1D09C113008E1968 /* Base */,
			);
			name = LaunchScreen.storyboard;
			sourceTree = "<group>";
		};
/* End PBXVariantGroup section */

/* Begin XCBuildConfiguration section */
		43E8B5211D09C113008E1968 /* Debug */ = {
			isa = XCBuildConfiguration;
			buildSettings = {
				ALWAYS_SEARCH_USER_PATHS = NO;
				CLANG_ANALYZER_NONNULL = YES;
				CLANG_CXX_LANGUAGE_STANDARD = "gnu++0x";
				CLANG_CXX_LIBRARY = "libc++";
				CLANG_ENABLE_MODULES = YES;
				CLANG_ENABLE_OBJC_ARC = YES;
				CLANG_WARN_BOOL_CONVERSION = YES;
				CLANG_WARN_CONSTANT_CONVERSION = YES;
				CLANG_WARN_DIRECT_OBJC_ISA_USAGE = YES_ERROR;
				CLANG_WARN_EMPTY_BODY = YES;
				CLANG_WARN_ENUM_CONVERSION = YES;
				CLANG_WARN_INT_CONVERSION = YES;
				CLANG_WARN_OBJC_ROOT_CLASS = YES_ERROR;
				CLANG_WARN_UNREACHABLE_CODE = YES;
				CLANG_WARN__DUPLICATE_METHOD_MATCH = YES;
				"CODE_SIGN_IDENTITY[sdk=iphoneos*]" = "iPhone Developer";
				COPY_PHASE_STRIP = NO;
				DEBUG_INFORMATION_FORMAT = dwarf;
				ENABLE_STRICT_OBJC_MSGSEND = YES;
				ENABLE_TESTABILITY = YES;
				GCC_C_LANGUAGE_STANDARD = gnu99;
				GCC_DYNAMIC_NO_PIC = NO;
				GCC_NO_COMMON_BLOCKS = YES;
				GCC_OPTIMIZATION_LEVEL = 0;
				GCC_PREPROCESSOR_DEFINITIONS = (
					"DEBUG=1",
					"$(inherited)",
				);
				GCC_WARN_64_TO_32_BIT_CONVERSION = YES;
				GCC_WARN_ABOUT_RETURN_TYPE = YES_ERROR;
				GCC_WARN_UNDECLARED_SELECTOR = YES;
				GCC_WARN_UNINITIALIZED_AUTOS = YES_AGGRESSIVE;
				GCC_WARN_UNUSED_FUNCTION = YES;
				GCC_WARN_UNUSED_VARIABLE = YES;
				IPHONEOS_DEPLOYMENT_TARGET = 9.3;
				MTL_ENABLE_DEBUG_INFO = YES;
				ONLY_ACTIVE_ARCH = YES;
				SDKROOT = iphoneos;
				SWIFT_OPTIMIZATION_LEVEL = "-Onone";
				TARGETED_DEVICE_FAMILY = "1,2";
			};
			name = Debug;
		};
		43E8B5221D09C113008E1968 /* Release */ = {
			isa = XCBuildConfiguration;
			buildSettings = {
				ALWAYS_SEARCH_USER_PATHS = NO;
				CLANG_ANALYZER_NONNULL = YES;
				CLANG_CXX_LANGUAGE_STANDARD = "gnu++0x";
				CLANG_CXX_LIBRARY = "libc++";
				CLANG_ENABLE_MODULES = YES;
				CLANG_ENABLE_OBJC_ARC = YES;
				CLANG_WARN_BOOL_CONVERSION = YES;
				CLANG_WARN_CONSTANT_CONVERSION = YES;
				CLANG_WARN_DIRECT_OBJC_ISA_USAGE = YES_ERROR;
				CLANG_WARN_EMPTY_BODY = YES;
				CLANG_WARN_ENUM_CONVERSION = YES;
				CLANG_WARN_INT_CONVERSION = YES;
				CLANG_WARN_OBJC_ROOT_CLASS = YES_ERROR;
				CLANG_WARN_UNREACHABLE_CODE = YES;
				CLANG_WARN__DUPLICATE_METHOD_MATCH = YES;
				"CODE_SIGN_IDENTITY[sdk=iphoneos*]" = "iPhone Developer";
				COPY_PHASE_STRIP = NO;
				DEBUG_INFORMATION_FORMAT = "dwarf-with-dsym";
				ENABLE_NS_ASSERTIONS = NO;
				ENABLE_STRICT_OBJC_MSGSEND = YES;
				GCC_C_LANGUAGE_STANDARD = gnu99;
				GCC_NO_COMMON_BLOCKS = YES;
				GCC_WARN_64_TO_32_BIT_CONVERSION = YES;
				GCC_WARN_ABOUT_RETURN_TYPE = YES_ERROR;
				GCC_WARN_UNDECLARED_SELECTOR = YES;
				GCC_WARN_UNINITIALIZED_AUTOS = YES_AGGRESSIVE;
				GCC_WARN_UNUSED_FUNCTION = YES;
				GCC_WARN_UNUSED_VARIABLE = YES;
				IPHONEOS_DEPLOYMENT_TARGET = 9.3;
				MTL_ENABLE_DEBUG_INFO = NO;
				SDKROOT = iphoneos;
				TARGETED_DEVICE_FAMILY = "1,2";
				VALIDATE_PRODUCT = YES;
			};
			name = Release;
		};
		43E8B5241D09C113008E1968 /* Debug */ = {
			isa = XCBuildConfiguration;
			buildSettings = {
				ASSETCATALOG_COMPILER_APPICON_NAME = AppIcon;
				INFOPLIST_FILE = "Stretchy Snacks/Info.plist";
				LD_RUNPATH_SEARCH_PATHS = "$(inherited) @executable_path/Frameworks";
				PRODUCT_BUNDLE_IDENTIFIER = "Vectura.Stretchy-Snacks";
				PRODUCT_NAME = "$(TARGET_NAME)";
			};
			name = Debug;
		};
		43E8B5251D09C113008E1968 /* Release */ = {
			isa = XCBuildConfiguration;
			buildSettings = {
				ASSETCATALOG_COMPILER_APPICON_NAME = AppIcon;
				INFOPLIST_FILE = "Stretchy Snacks/Info.plist";
				LD_RUNPATH_SEARCH_PATHS = "$(inherited) @executable_path/Frameworks";
				PRODUCT_BUNDLE_IDENTIFIER = "Vectura.Stretchy-Snacks";
				PRODUCT_NAME = "$(TARGET_NAME)";
			};
			name = Release;
		};
/* End XCBuildConfiguration section */

/* Begin XCConfigurationList section */
		43E8B5091D09C113008E1968 /* Build configuration list for PBXProject "Stretchy Snacks" */ = {
			isa = XCConfigurationList;
			buildConfigurations = (
				43E8B5211D09C113008E1968 /* Debug */,
				43E8B5221D09C113008E1968 /* Release */,
			);
			defaultConfigurationIsVisible = 0;
			defaultConfigurationName = Release;
		};
		43E8B5231D09C113008E1968 /* Build configuration list for PBXNativeTarget "Stretchy Snacks" */ = {
			isa = XCConfigurationList;
			buildConfigurations = (
				43E8B5241D09C113008E1968 /* Debug */,
				43E8B5251D09C113008E1968 /* Release */,
			);
			defaultConfigurationIsVisible = 0;
		};
/* End XCConfigurationList section */

/* Begin XCVersionGroup section */
		43E8B5181D09C113008E1968 /* Stretchy_Snacks.xcdatamodeld */ = {
			isa = XCVersionGroup;
			children = (
				43E8B5191D09C113008E1968 /* Stretchy_Snacks.xcdatamodel */,
			);
			currentVersion = 43E8B5191D09C113008E1968 /* Stretchy_Snacks.xcdatamodel */;
			path = Stretchy_Snacks.xcdatamodeld;
			sourceTree = "<group>";
			versionGroupType = wrapper.xcdatamodel;
		};
/* End XCVersionGroup section */
	};
	rootObject = 43E8B5061D09C113008E1968 /* Project object */;
}
